// !$*UTF8*$!
{
	archiveVersion = 1;
	classes = {
	};
	objectVersion = 46;
	objects = {

/* Begin PBXBuildFile section */
		29B80F611C11BC3E00D22239 /* main.m in Sources */ = {isa = PBXBuildFile; fileRef = 29B80F601C11BC3E00D22239 /* main.m */; };
		29B80F641C11BC3E00D22239 /* AppDelegate.m in Sources */ = {isa = PBXBuildFile; fileRef = 29B80F631C11BC3E00D22239 /* AppDelegate.m */; };
		29B80F671C11BC3E00D22239 /* ViewController.m in Sources */ = {isa = PBXBuildFile; fileRef = 29B80F661C11BC3E00D22239 /* ViewController.m */; };
		29B80F6A1C11BC3E00D22239 /* Main.storyboard in Resources */ = {isa = PBXBuildFile; fileRef = 29B80F681C11BC3E00D22239 /* Main.storyboard */; };
		29B80F6C1C11BC3E00D22239 /* Images.xcassets in Resources */ = {isa = PBXBuildFile; fileRef = 29B80F6B1C11BC3E00D22239 /* Images.xcassets */; };
		29B80F6F1C11BC3E00D22239 /* LaunchScreen.xib in Resources */ = {isa = PBXBuildFile; fileRef = 29B80F6D1C11BC3E00D22239 /* LaunchScreen.xib */; };
		29B80F7B1C11BC3E00D22239 /* TrueGrowthTests.m in Sources */ = {isa = PBXBuildFile; fileRef = 29B80F7A1C11BC3E00D22239 /* TrueGrowthTests.m */; };
/* End PBXBuildFile section */

/* Begin PBXContainerItemProxy section */
		29B80F751C11BC3E00D22239 /* PBXContainerItemProxy */ = {
			isa = PBXContainerItemProxy;
			containerPortal = 29B80F531C11BC3E00D22239 /* Project object */;
			proxyType = 1;
			remoteGlobalIDString = 29B80F5A1C11BC3E00D22239;
			remoteInfo = TrueGrowth;
		};
/* End PBXContainerItemProxy section */

/* Begin PBXFileReference section */
		29B80F5B1C11BC3E00D22239 /* TrueGrowth.app */ = {isa = PBXFileReference; explicitFileType = wrapper.application; includeInIndex = 0; path = TrueGrowth.app; sourceTree = BUILT_PRODUCTS_DIR; };
		29B80F5F1C11BC3E00D22239 /* Info.plist */ = {isa = PBXFileReference; lastKnownFileType = text.plist.xml; path = Info.plist; sourceTree = "<group>"; };
		29B80F601C11BC3E00D22239 /* main.m */ = {isa = PBXFileReference; lastKnownFileType = sourcecode.c.objc; path = main.m; sourceTree = "<group>"; };
		29B80F621C11BC3E00D22239 /* AppDelegate.h */ = {isa = PBXFileReference; lastKnownFileType = sourcecode.c.h; path = AppDelegate.h; sourceTree = "<group>"; };
		29B80F631C11BC3E00D22239 /* AppDelegate.m */ = {isa = PBXFileReference; lastKnownFileType = sourcecode.c.objc; path = AppDelegate.m; sourceTree = "<group>"; };
		29B80F651C11BC3E00D22239 /* ViewController.h */ = {isa = PBXFileReference; lastKnownFileType = sourcecode.c.h; path = ViewController.h; sourceTree = "<group>"; };
		29B80F661C11BC3E00D22239 /* ViewController.m */ = {isa = PBXFileReference; lastKnownFileType = sourcecode.c.objc; path = ViewController.m; sourceTree = "<group>"; };
		29B80F691C11BC3E00D22239 /* Base */ = {isa = PBXFileReference; lastKnownFileType = file.storyboard; name = Base; path = Base.lproj/Main.storyboard; sourceTree = "<group>"; };
		29B80F6B1C11BC3E00D22239 /* Images.xcassets */ = {isa = PBXFileReference; lastKnownFileType = folder.assetcatalog; path = Images.xcassets; sourceTree = "<group>"; };
		29B80F6E1C11BC3E00D22239 /* Base */ = {isa = PBXFileReference; lastKnownFileType = file.xib; name = Base; path = Base.lproj/LaunchScreen.xib; sourceTree = "<group>"; };
		29B80F741C11BC3E00D22239 /* TrueGrowthTests.xctest */ = {isa = PBXFileReference; explicitFileType = wrapper.cfbundle; includeInIndex = 0; path = TrueGrowthTests.xctest; sourceTree = BUILT_PRODUCTS_DIR; };
		29B80F791C11BC3E00D22239 /* Info.plist */ = {isa = PBXFileReference; lastKnownFileType = text.plist.xml; path = Info.plist; sourceTree = "<group>"; };
		29B80F7A1C11BC3E00D22239 /* TrueGrowthTests.m */ = {isa = PBXFileReference; lastKnownFileType = sourcecode.c.objc; path = TrueGrowthTests.m; sourceTree = "<group>"; };
/* End PBXFileReference section */

/* Begin PBXFrameworksBuildPhase section */
		29B80F581C11BC3E00D22239 /* Frameworks */ = {
			isa = PBXFrameworksBuildPhase;
			buildActionMask = 2147483647;
			files = (
			);
			runOnlyForDeploymentPostprocessing = 0;
		};
		29B80F711C11BC3E00D22239 /* Frameworks */ = {
			isa = PBXFrameworksBuildPhase;
			buildActionMask = 2147483647;
			files = (
			);
			runOnlyForDeploymentPostprocessing = 0;
		};
/* End PBXFrameworksBuildPhase section */

/* Begin PBXGroup section */
		29B80F521C11BC3E00D22239 = {
			isa = PBXGroup;
			children = (
				29B80F5D1C11BC3E00D22239 /* TrueGrowth */,
				29B80F771C11BC3E00D22239 /* TrueGrowthTests */,
				29B80F5C1C11BC3E00D22239 /* Products */,
			);
			sourceTree = "<group>";
		};
		29B80F5C1C11BC3E00D22239 /* Products */ = {
			isa = PBXGroup;
			children = (
				29B80F5B1C11BC3E00D22239 /* TrueGrowth.app */,
				29B80F741C11BC3E00D22239 /* TrueGrowthTests.xctest */,
			);
			name = Products;
			sourceTree = "<group>";
		};
		29B80F5D1C11BC3E00D22239 /* TrueGrowth */ = {
			isa = PBXGroup;
			children = (
				29B80F621C11BC3E00D22239 /* AppDelegate.h */,
				29B80F631C11BC3E00D22239 /* AppDelegate.m */,
				29B80F651C11BC3E00D22239 /* ViewController.h */,
				29B80F661C11BC3E00D22239 /* ViewController.m */,
				29B80F681C11BC3E00D22239 /* Main.storyboard */,
				29B80F6B1C11BC3E00D22239 /* Images.xcassets */,
				29B80F6D1C11BC3E00D22239 /* LaunchScreen.xib */,
				29B80F5E1C11BC3E00D22239 /* Supporting Files */,
			);
			path = TrueGrowth;
			sourceTree = "<group>";
		};
		29B80F5E1C11BC3E00D22239 /* Supporting Files */ = {
			isa = PBXGroup;
			children = (
				29B80F5F1C11BC3E00D22239 /* Info.plist */,
				29B80F601C11BC3E00D22239 /* main.m */,
			);
			name = "Supporting Files";
			sourceTree = "<group>";
		};
		29B80F771C11BC3E00D22239 /* TrueGrowthTests */ = {
			isa = PBXGroup;
			children = (
				29B80F7A1C11BC3E00D22239 /* TrueGrowthTests.m */,
				29B80F781C11BC3E00D22239 /* Supporting Files */,
			);
			path = TrueGrowthTests;
			sourceTree = "<group>";
		};
		29B80F781C11BC3E00D22239 /* Supporting Files */ = {
			isa = PBXGroup;
			children = (
				29B80F791C11BC3E00D22239 /* Info.plist */,
			);
			name = "Supporting Files";
			sourceTree = "<group>";
		};
/* End PBXGroup section */

/* Begin PBXNativeTarget section */
		29B80F5A1C11BC3E00D22239 /* TrueGrowth */ = {
			isa = PBXNativeTarget;
			buildConfigurationList = 29B80F7E1C11BC3E00D22239 /* Build configuration list for PBXNativeTarget "TrueGrowth" */;
			buildPhases = (
				29B80F571C11BC3E00D22239 /* Sources */,
				29B80F581C11BC3E00D22239 /* Frameworks */,
				29B80F591C11BC3E00D22239 /* Resources */,
			);
			buildRules = (
			);
			dependencies = (
			);
			name = TrueGrowth;
			productName = TrueGrowth;
			productReference = 29B80F5B1C11BC3E00D22239 /* TrueGrowth.app */;
			productType = "com.apple.product-type.application";
		};
		29B80F731C11BC3E00D22239 /* TrueGrowthTests */ = {
			isa = PBXNativeTarget;
			buildConfigurationList = 29B80F811C11BC3E00D22239 /* Build configuration list for PBXNativeTarget "TrueGrowthTests" */;
			buildPhases = (
				29B80F701C11BC3E00D22239 /* Sources */,
				29B80F711C11BC3E00D22239 /* Frameworks */,
				29B80F721C11BC3E00D22239 /* Resources */,
			);
			buildRules = (
			);
			dependencies = (
				29B80F761C11BC3E00D22239 /* PBXTargetDependency */,
			);
			name = TrueGrowthTests;
			productName = TrueGrowthTests;
			productReference = 29B80F741C11BC3E00D22239 /* TrueGrowthTests.xctest */;
			productType = "com.apple.product-type.bundle.unit-test";
		};
/* End PBXNativeTarget section */

/* Begin PBXProject section */
		29B80F531C11BC3E00D22239 /* Project object */ = {
			isa = PBXProject;
			attributes = {
				LastUpgradeCheck = 0610;
				ORGANIZATIONNAME = Robco;
				TargetAttributes = {
					29B80F5A1C11BC3E00D22239 = {
						CreatedOnToolsVersion = 6.1.1;
					};
					29B80F731C11BC3E00D22239 = {
						CreatedOnToolsVersion = 6.1.1;
						TestTargetID = 29B80F5A1C11BC3E00D22239;
					};
				};
			};
			buildConfigurationList = 29B80F561C11BC3E00D22239 /* Build configuration list for PBXProject "TrueGrowth" */;
			compatibilityVersion = "Xcode 3.2";
			developmentRegion = English;
			hasScannedForEncodings = 0;
			knownRegions = (
				en,
				Base,
			);
			mainGroup = 29B80F521C11BC3E00D22239;
			productRefGroup = 29B80F5C1C11BC3E00D22239 /* Products */;
			projectDirPath = "";
			projectRoot = "";
			targets = (
				29B80F5A1C11BC3E00D22239 /* TrueGrowth */,
				29B80F731C11BC3E00D22239 /* TrueGrowthTests */,
			);
		};
/* End PBXProject section */

/* Begin PBXResourcesBuildPhase section */
		29B80F591C11BC3E00D22239 /* Resources */ = {
			isa = PBXResourcesBuildPhase;
			buildActionMask = 2147483647;
			files = (
				29B80F6A1C11BC3E00D22239 /* Main.storyboard in Resources */,
				29B80F6F1C11BC3E00D22239 /* LaunchScreen.xib in Resources */,
				29B80F6C1C11BC3E00D22239 /* Images.xcassets in Resources */,
			);
			runOnlyForDeploymentPostprocessing = 0;
		};
		29B80F721C11BC3E00D22239 /* Resources */ = {
			isa = PBXResourcesBuildPhase;
			buildActionMask = 2147483647;
			files = (
			);
			runOnlyForDeploymentPostprocessing = 0;
		};
/* End PBXResourcesBuildPhase section */

/* Begin PBXSourcesBuildPhase section */
		29B80F571C11BC3E00D22239 /* Sources */ = {
			isa = PBXSourcesBuildPhase;
			buildActionMask = 2147483647;
			files = (
				29B80F671C11BC3E00D22239 /* ViewController.m in Sources */,
				29B80F641C11BC3E00D22239 /* AppDelegate.m in Sources */,
				29B80F611C11BC3E00D22239 /* main.m in Sources */,
			);
			runOnlyForDeploymentPostprocessing = 0;
		};
		29B80F701C11BC3E00D22239 /* Sources */ = {
			isa = PBXSourcesBuildPhase;
			buildActionMask = 2147483647;
			files = (
				29B80F7B1C11BC3E00D22239 /* TrueGrowthTests.m in Sources */,
			);
			runOnlyForDeploymentPostprocessing = 0;
		};
/* End PBXSourcesBuildPhase section */

/* Begin PBXTargetDependency section */
		29B80F761C11BC3E00D22239 /* PBXTargetDependency */ = {
			isa = PBXTargetDependency;
			target = 29B80F5A1C11BC3E00D22239 /* TrueGrowth */;
			targetProxy = 29B80F751C11BC3E00D22239 /* PBXContainerItemProxy */;
		};
/* End PBXTargetDependency section */

/* Begin PBXVariantGroup section */
		29B80F681C11BC3E00D22239 /* Main.storyboard */ = {
			isa = PBXVariantGroup;
			children = (
				29B80F691C11BC3E00D22239 /* Base */,
			);
			name = Main.storyboard;
			sourceTree = "<group>";
		};
		29B80F6D1C11BC3E00D22239 /* LaunchScreen.xib */ = {
			isa = PBXVariantGroup;
			children = (
				29B80F6E1C11BC3E00D22239 /* Base */,
			);
			name = LaunchScreen.xib;
			sourceTree = "<group>";
		};
/* End PBXVariantGroup section */

/* Begin XCBuildConfiguration section */
		29B80F7C1C11BC3E00D22239 /* Debug */ = {
			isa = XCBuildConfiguration;
			buildSettings = {
				ALWAYS_SEARCH_USER_PATHS = NO;
				CLANG_CXX_LANGUAGE_STANDARD = "gnu++0x";
				CLANG_CXX_LIBRARY = "libc++";
				CLANG_ENABLE_MODULES = YES;
				CLANG_ENABLE_OBJC_ARC = YES;
				CLANG_WARN_BOOL_CONVERSION = YES;
				CLANG_WARN_CONSTANT_CONVERSION = YES;
				CLANG_WARN_DIRECT_OBJC_ISA_USAGE = YES_ERROR;
				CLANG_WARN_EMPTY_BODY = YES;
				CLANG_WARN_ENUM_CONVERSION = YES;
				CLANG_WARN_INT_CONVERSION = YES;
				CLANG_WARN_OBJC_ROOT_CLASS = YES_ERROR;
				CLANG_WARN_UNREACHABLE_CODE = YES;
				CLANG_WARN__DUPLICATE_METHOD_MATCH = YES;
				"CODE_SIGN_IDENTITY[sdk=iphoneos*]" = "iPhone Developer";
				COPY_PHASE_STRIP = NO;
				ENABLE_STRICT_OBJC_MSGSEND = YES;
				GCC_C_LANGUAGE_STANDARD = gnu99;
				GCC_DYNAMIC_NO_PIC = NO;
				GCC_OPTIMIZATION_LEVEL = 0;
				GCC_PREPROCESSOR_DEFINITIONS = (
					"DEBUG=1",
					"$(inherited)",
				);
				GCC_SYMBOLS_PRIVATE_EXTERN = NO;
				GCC_WARN_64_TO_32_BIT_CONVERSION = YES;
				GCC_WARN_ABOUT_RETURN_TYPE = YES_ERROR;
				GCC_WARN_UNDECLARED_SELECTOR = YES;
				GCC_WARN_UNINITIALIZED_AUTOS = YES_AGGRESSIVE;
				GCC_WARN_UNUSED_FUNCTION = YES;
				GCC_WARN_UNUSED_VARIABLE = YES;
				IPHONEOS_DEPLOYMENT_TARGET = 8.1;
				MTL_ENABLE_DEBUG_INFO = YES;
				ONLY_ACTIVE_ARCH = YES;
				SDKROOT = iphoneos;
			};
			name = Debug;
		};
		29B80F7D1C11BC3E00D22239 /* Release */ = {
			isa = XCBuildConfiguration;
			buildSettings = {
				ALWAYS_SEARCH_USER_PATHS = NO;
				CLANG_CXX_LANGUAGE_STANDARD = "gnu++0x";
				CLANG_CXX_LIBRARY = "libc++";
				CLANG_ENABLE_MODULES = YES;
				CLANG_ENABLE_OBJC_ARC = YES;
				CLANG_WARN_BOOL_CONVERSION = YES;
				CLANG_WARN_CONSTANT_CONVERSION = YES;
				CLANG_WARN_DIRECT_OBJC_ISA_USAGE = YES_ERROR;
				CLANG_WARN_EMPTY_BODY = YES;
				CLANG_WARN_ENUM_CONVERSION = YES;
				CLANG_WARN_INT_CONVERSION = YES;
				CLANG_WARN_OBJC_ROOT_CLASS = YES_ERROR;
				CLANG_WARN_UNREACHABLE_CODE = YES;
				CLANG_WARN__DUPLICATE_METHOD_MATCH = YES;
				"CODE_SIGN_IDENTITY[sdk=iphoneos*]" = "iPhone Developer";
				COPY_PHASE_STRIP = YES;
				ENABLE_NS_ASSERTIONS = NO;
				ENABLE_STRICT_OBJC_MSGSEND = YES;
				GCC_C_LANGUAGE_STANDARD = gnu99;
				GCC_WARN_64_TO_32_BIT_CONVERSION = YES;
				GCC_WARN_ABOUT_RETURN_TYPE = YES_ERROR;
				GCC_WARN_UNDECLARED_SELECTOR = YES;
				GCC_WARN_UNINITIALIZED_AUTOS = YES_AGGRESSIVE;
				GCC_WARN_UNUSED_FUNCTION = YES;
				GCC_WARN_UNUSED_VARIABLE = YES;
				IPHONEOS_DEPLOYMENT_TARGET = 8.1;
				MTL_ENABLE_DEBUG_INFO = NO;
				SDKROOT = iphoneos;
				VALIDATE_PRODUCT = YES;
			};
			name = Release;
		};
		29B80F7F1C11BC3E00D22239 /* Debug */ = {
			isa = XCBuildConfiguration;
			buildSettings = {
				ASSETCATALOG_COMPILER_APPICON_NAME = AppIcon;
				INFOPLIST_FILE = TrueGrowth/Info.plist;
				LD_RUNPATH_SEARCH_PATHS = "$(inherited) @executable_path/Frameworks";
				PRODUCT_NAME = "$(TARGET_NAME)";
			};
			name = Debug;
		};
		29B80F801C11BC3E00D22239 /* Release */ = {
			isa = XCBuildConfiguration;
			buildSettings = {
				ASSETCATALOG_COMPILER_APPICON_NAME = AppIcon;
				INFOPLIST_FILE = TrueGrowth/Info.plist;
				LD_RUNPATH_SEARCH_PATHS = "$(inherited) @executable_path/Frameworks";
				PRODUCT_NAME = "$(TARGET_NAME)";
			};
			name = Release;
		};
		29B80F821C11BC3E00D22239 /* Debug */ = {
			isa = XCBuildConfiguration;
			buildSettings = {
				BUNDLE_LOADER = "$(TEST_HOST)";
				FRAMEWORK_SEARCH_PATHS = (
					"$(SDKROOT)/Developer/Library/Frameworks",
					"$(inherited)",
				);
				GCC_PREPROCESSOR_DEFINITIONS = (
					"DEBUG=1",
					"$(inherited)",
				);
				INFOPLIST_FILE = TrueGrowthTests/Info.plist;
				LD_RUNPATH_SEARCH_PATHS = "$(inherited) @executable_path/Frameworks @loader_path/Frameworks";
				PRODUCT_NAME = "$(TARGET_NAME)";
				TEST_HOST = "$(BUILT_PRODUCTS_DIR)/TrueGrowth.app/TrueGrowth";
			};
			name = Debug;
		};
		29B80F831C11BC3E00D22239 /* Release */ = {
			isa = XCBuildConfiguration;
			buildSettings = {
				BUNDLE_LOADER = "$(TEST_HOST)";
				FRAMEWORK_SEARCH_PATHS = (
					"$(SDKROOT)/Developer/Library/Frameworks",
					"$(inherited)",
				);
				INFOPLIST_FILE = TrueGrowthTests/Info.plist;
				LD_RUNPATH_SEARCH_PATHS = "$(inherited) @executable_path/Frameworks @loader_path/Frameworks";
				PRODUCT_NAME = "$(TARGET_NAME)";
				TEST_HOST = "$(BUILT_PRODUCTS_DIR)/TrueGrowth.app/TrueGrowth";
			};
			name = Release;
		};
/* End XCBuildConfiguration section */

/* Begin XCConfigurationList section */
		29B80F561C11BC3E00D22239 /* Build configuration list for PBXProject "TrueGrowth" */ = {
			isa = XCConfigurationList;
			buildConfigurations = (
				29B80F7C1C11BC3E00D22239 /* Debug */,
				29B80F7D1C11BC3E00D22239 /* Release */,
			);
			defaultConfigurationIsVisible = 0;
			defaultConfigurationName = Release;
		};
		29B80F7E1C11BC3E00D22239 /* Build configuration list for PBXNativeTarget "TrueGrowth" */ = {
			isa = XCConfigurationList;
			buildConfigurations = (
				29B80F7F1C11BC3E00D22239 /* Debug */,
				29B80F801C11BC3E00D22239 /* Release */,
			);
			defaultConfigurationIsVisible = 0;
		};
		29B80F811C11BC3E00D22239 /* Build configuration list for PBXNativeTarget "TrueGrowthTests" */ = {
			isa = XCConfigurationList;
			buildConfigurations = (
				29B80F821C11BC3E00D22239 /* Debug */,
				29B80F831C11BC3E00D22239 /* Release */,
			);
			defaultConfigurationIsVisible = 0;
		};
/* End XCConfigurationList section */
	};
	rootObject = 29B80F531C11BC3E00D22239 /* Project object */;
}
